PODS:
  - AFNetworking (2.6.3):
    - AFNetworking/NSURLConnection (= 2.6.3)
    - AFNetworking/NSURLSession (= 2.6.3)
    - AFNetworking/Reachability (= 2.6.3)
    - AFNetworking/Security (= 2.6.3)
    - AFNetworking/Serialization (= 2.6.3)
    - AFNetworking/UIKit (= 2.6.3)
  - AFNetworking/NSURLConnection (2.6.3):
    - AFNetworking/Reachability
    - AFNetworking/Security
    - AFNetworking/Serialization
  - AFNetworking/NSURLSession (2.6.3):
    - AFNetworking/Reachability
    - AFNetworking/Security
    - AFNetworking/Serialization
  - AFNetworking/Reachability (2.6.3)
  - AFNetworking/Security (2.6.3)
  - AFNetworking/Serialization (2.6.3)
  - AFNetworking/UIKit (2.6.3):
    - AFNetworking/NSURLConnection
    - AFNetworking/NSURLSession
  - HyphenateLite (3.3.2)
  - LFDBusFrameWork (0.1.4)
  - Mantle (2.1.0):
    - Mantle/extobjc (= 2.1.0)
  - Mantle/extobjc (2.1.0)
  - Masonry (1.0.2)
  - MJExtension (3.0.13)
  - MJRefresh (3.1.12)
  - NetworkFrameWork (0.1.1):
    - AFNetworking (~> 2.3)
    - Mantle
    - MJExtension
  - SDWebImage (4.0.0):
    - SDWebImage/Core (= 4.0.0)
  - SDWebImage/Core (4.0.0)
  - textFrameWork (0.0.2)

DEPENDENCIES:
  - AFNetworking
  - HyphenateLite
  - LFDBusFrameWork
  - Masonry
  - MJRefresh
  - NetworkFrameWork
  - SDWebImage
  - textFrameWork

SPEC CHECKSUMS:
  AFNetworking: cb8d14a848e831097108418f5d49217339d4eb60
  HyphenateLite: 54ffda162deec2cedf156185a707b86678ae914a
  LFDBusFrameWork: 5b2b6c8719d1388c8b5a6e6004dc1dc2f086a0c4
  Mantle: 2fa750afa478cd625a94230fbf1c13462f29395b
  Masonry: 7c429b56da9d4ee0bbb3ed77a5ea710d6a5df39e
  MJExtension: 5932755f451458eefa24239358817f8d291240c7
  MJRefresh: b96cdb21c4aa75a7b07654311ab2f315c497e806
  NetworkFrameWork: 134290a9c1680a8c0da837373a6d65bcb45841ce
  SDWebImage: 76a6348bdc74eb5a55dd08a091ef298e56b55e41
  textFrameWork: 14dc028db9ef45cc1a882305df51a3ad2d197989

PODFILE CHECKSUM: 2eb76f4e89347d3e63b1b6ab78e0686cb669eb97

COCOAPODS: 1.2.1
